
Microsoft Visual Studio Solution File, Format Version 12.00
# Visual Studio Version 17
VisualStudioVersion = 17.5.33318.248
MinimumVisualStudioVersion = 10.0.40219.1
Project("{2150E333-8FDC-42A3-9474-1A3956D46DE8}") = "src", "src", "{CBCC6A44-BE94-4DFE-A3CE-22DE5413015D}"
	ProjectSection(SolutionItems) = preProject
		src\TestApplication\Dockerfile = src\TestApplication\Dockerfile
	EndProjectSection
EndProject
Project("{2150E333-8FDC-42A3-9474-1A3956D46DE8}") = "TestApplication", "TestApplication", "{1EEFCAE2-61C5-4314-8F8A-EAF5210A570D}"
EndProject
Project("{FAE04EC0-301F-11D3-BF4B-00C04F79EFBC}") = "TestApplication", "src\TestApplication\TestApplication.csproj", "{55F178B9-DB01-4A92-9939-273EE968CA95}"
EndProject
Global
	GlobalSection(SolutionConfigurationPlatforms) = preSolution
		Debug|Any CPU = Debug|Any CPU
		Release|Any CPU = Release|Any CPU
	EndGlobalSection
	GlobalSection(ProjectConfigurationPlatforms) = postSolution
		{55F178B9-DB01-4A92-9939-273EE968CA95}.Debug|Any CPU.ActiveCfg = Debug|Any CPU
		{55F178B9-DB01-4A92-9939-273EE968CA95}.Debug|Any CPU.Build.0 = Debug|Any CPU
		{55F178B9-DB01-4A92-9939-273EE968CA95}.Release|Any CPU.ActiveCfg = Release|Any CPU
		{55F178B9-DB01-4A92-9939-273EE968CA95}.Release|Any CPU.Build.0 = Release|Any CPU
	EndGlobalSection
	GlobalSection(SolutionProperties) = preSolution
		HideSolutionNode = FALSE
	EndGlobalSection
	GlobalSection(NestedProjects) = preSolution
		{1EEFCAE2-61C5-4314-8F8A-EAF5210A570D} = {CBCC6A44-BE94-4DFE-A3CE-22DE5413015D}
		{55F178B9-DB01-4A92-9939-273EE968CA95} = {1EEFCAE2-61C5-4314-8F8A-EAF5210A570D}
	EndGlobalSection
	GlobalSection(ExtensibilityGlobals) = postSolution
		SolutionGuid = {02F01A73-FF4C-4CF6-B4A3-FDB1DBDF518C}
	EndGlobalSection
EndGlobal
